{
  "name": "@cuties/assert",
  "version": "1.1.5",
  "lockfileVersion": 1,
  "requires": true,
  "dependencies": {
    "@cuties/cutie": {
      "version": "1.4.4",
      "resolved": "https://registry.npmjs.org/@cuties/cutie/-/cutie-1.4.4.tgz",
      "integrity": "sha512-z+hvVaT1jHrsXe9sTFBKyAN40LOHi7OourjSrKbKjqDKi1Y6u0eMQgcWKlZOP4Wsp9a5nkGmI0b+cC2IoT7kqQ=="
    },
    "test-executor": {
      "version": "1.1.2",
      "resolved": "https://registry.npmjs.org/test-executor/-/test-executor-1.1.2.tgz",
      "integrity": "sha512-U6ctuLrvOoc6HVttd1KX7GkuNKuU5/4cVCi/ycdSv1F6fJK9CYYsXjDVLqrIxjjKomI+zDWDL7b3r3JaRfTcGA==",
      "requires": {
        "@cuties/cutie": "1.4.4"
      }
    }
  }
}
