{
  "name": "@guseyn/cutie-assert",
  "version": "1.0.6",
  "lockfileVersion": 1,
  "requires": true,
  "dependencies": {
    "@guseyn/cutie": {
      "version": "1.3.3",
      "resolved": "https://registry.npmjs.org/@guseyn/cutie/-/cutie-1.3.3.tgz",
      "integrity": "sha512-JId3WtmaRaQPyQs9irFhSpfh1QB/L+abmjkPS0pXWnml9K4BwSEeVPcc8fAWHpO4H51MHLl5w1uodG9DMoxshw=="
    }
  }
}
