{
  "name": "@guseyn/cutie-assert",
  "version": "1.0.1",
  "lockfileVersion": 1,
  "requires": true,
  "dependencies": {
    "@guseyn/cutie": {
      "version": "1.2.6",
      "resolved": "https://registry.npmjs.org/@guseyn/cutie/-/cutie-1.2.6.tgz",
      "integrity": "sha512-OL3yq9BCWaLcaszKRlDVprclCfB4rlqUJSsMSsLMJmrYyPBW9FJB3ytPYPXtQb1ULhny5I0mxQo5phccnOeEfQ=="
    }
  }
}
